
Microsoft Visual Studio Solution File, Format Version 12.00
# Visual Studio Version 16
VisualStudioVersion = 16.0.29411.108
MinimumVisualStudioVersion = 10.0.40219.1
Project("{FAE04EC0-301F-11D3-BF4B-00C04F79EFBC}") = "Sto1", "Sto1.csproj", "{D766E2D5-C402-4EAD-816A-BF0915378BC4}"
EndProject
Global
	GlobalSection(SolutionConfigurationPlatforms) = preSolution
		Debug|Any CPU = Debug|Any CPU
		Release|Any CPU = Release|Any CPU
	EndGlobalSection
	GlobalSection(ProjectConfigurationPlatforms) = postSolution
		{D766E2D5-C402-4EAD-816A-BF0915378BC4}.Debug|Any CPU.ActiveCfg = Debug|Any CPU
		{D766E2D5-C402-4EAD-816A-BF0915378BC4}.Debug|Any CPU.Build.0 = Debug|Any CPU
		{D766E2D5-C402-4EAD-816A-BF0915378BC4}.Release|Any CPU.ActiveCfg = Release|Any CPU
		{D766E2D5-C402-4EAD-816A-BF0915378BC4}.Release|Any CPU.Build.0 = Release|Any CPU
	EndGlobalSection
	GlobalSection(SolutionProperties) = preSolution
		HideSolutionNode = FALSE
	EndGlobalSection
	GlobalSection(ExtensibilityGlobals) = postSolution
		SolutionGuid = {F51D07A5-C7E4-462C-B791-76FAAA980D2A}
	EndGlobalSection
EndGlobal
